{
  "version": 4,
  "terraform_version": "0.12.19",
  "serial": 54,
  "lineage": "dfffd023-6ebd-cbad-d154-fc48b13f7f2b",
  "outputs": {},
  "resources": [
    {
      "mode": "managed",
      "type": "libvirt_domain",
      "name": "router",
      "each": "list",
      "provider": "provider.libvirt",
      "instances": [
        {
          "index_key": 0,
          "schema_version": 0,
          "attributes": {
            "arch": "x86_64",
            "autostart": false,
            "boot_device": [],
            "cloudinit": null,
            "cmdline": null,
            "console": [],
            "coreos_ignition": null,
            "cpu": {
              "mode": "host-passthrough"
            },
            "description": "",
            "disk": [
              {
                "block_device": "",
                "file": "",
                "scsi": false,
                "url": "",
                "volume_id": "/var/lib/libvirt/images/SUSE-aiic-test-router-volume-0",
                "wwn": ""
              }
            ],
            "emulator": "/usr/bin/qemu-system-x86_64",
            "filesystem": [],
            "firmware": "",
            "fw_cfg_name": "opt/com.coreos/config",
            "graphics": [
              {
                "autoport": true,
                "listen_address": "127.0.0.1",
                "listen_type": "address",
                "type": "vnc"
              }
            ],
            "id": "a595291f-0494-4958-8973-b2e36bf6f6dd",
            "initrd": "",
            "kernel": "",
            "machine": "pc",
            "memory": 2048,
            "metadata": null,
            "name": "SUSE-aiic-test-br241-router-0",
            "network_interface": [
              {
                "addresses": [],
                "bridge": "br240",
                "hostname": "SUSE-aiic-test-router-0",
                "mac": "52:54:00:AB:A2:49",
                "macvtap": "",
                "network_id": "",
                "network_name": "",
                "passthrough": "",
                "vepa": "",
                "wait_for_lease": false
              },
              {
                "addresses": [],
                "bridge": "br241",
                "hostname": "SUSE-aiic-test-inside-router-0",
                "mac": "52:54:00:EE:5F:EC",
                "macvtap": "",
                "network_id": "",
                "network_name": "",
                "passthrough": "",
                "vepa": "",
                "wait_for_lease": false
              }
            ],
            "nvram": [],
            "qemu_agent": false,
            "running": true,
            "timeouts": null,
            "vcpu": 2,
            "video": [],
            "xml": []
          },
          "private": "eyJlMmJmYjczMC1lY2FhLTExZTYtOGY4OC0zNDM2M2JjN2M0YzAiOnsiY3JlYXRlIjozMDAwMDAwMDAwMDB9fQ==",
          "dependencies": [
            "libvirt_network.inside-network",
            "libvirt_network.outside-network",
            "libvirt_volume.img",
            "libvirt_volume.router"
          ]
        }
      ]
    },
    {
      "mode": "managed",
      "type": "libvirt_network",
      "name": "inside-network",
      "each": "list",
      "provider": "provider.libvirt",
      "instances": [
        {
          "index_key": 0,
          "schema_version": 0,
          "attributes": {
            "addresses": null,
            "autostart": false,
            "bridge": "br241",
            "dhcp": [],
            "dns": [],
            "domain": null,
            "id": "d77ac8b8-e8bc-4a64-8792-8c216a1357e8",
            "mode": "bridge",
            "mtu": null,
            "name": "SUSE-aiic-test-inside-network",
            "routes": [],
            "xml": []
          },
          "private": "bnVsbA=="
        }
      ]
    },
    {
      "mode": "managed",
      "type": "libvirt_network",
      "name": "outside-network",
      "each": "list",
      "provider": "provider.libvirt",
      "instances": [
        {
          "index_key": 0,
          "schema_version": 0,
          "attributes": {
            "addresses": null,
            "autostart": false,
            "bridge": "br240",
            "dhcp": [],
            "dns": [],
            "domain": null,
            "id": "c7454338-ebb5-400a-be6c-00827526e2f7",
            "mode": "bridge",
            "mtu": null,
            "name": "SUSE-aiic-test-outside-network",
            "routes": [],
            "xml": []
          },
          "private": "bnVsbA=="
        }
      ]
    },
    {
      "mode": "managed",
      "type": "libvirt_volume",
      "name": "img",
      "provider": "provider.libvirt",
      "instances": [
        {
          "schema_version": 0,
          "attributes": {
            "base_volume_id": null,
            "base_volume_name": null,
            "base_volume_pool": null,
            "format": "qcow2",
            "id": "/var/lib/libvirt/images/SUSE-aiic-test-vyos-router-template.qcow2",
            "name": "SUSE-aiic-test-vyos-router-template.qcow2",
            "pool": "default",
            "size": 2147483648,
            "source": "images/vyos-router-template.qcow2",
            "xml": []
          },
          "private": "bnVsbA=="
        }
      ]
    },
    {
      "mode": "managed",
      "type": "libvirt_volume",
      "name": "router",
      "each": "list",
      "provider": "provider.libvirt",
      "instances": [
        {
          "index_key": 0,
          "schema_version": 0,
          "attributes": {
            "base_volume_id": "/var/lib/libvirt/images/SUSE-aiic-test-vyos-router-template.qcow2",
            "base_volume_name": null,
            "base_volume_pool": null,
            "format": "qcow2",
            "id": "/var/lib/libvirt/images/SUSE-aiic-test-router-volume-0",
            "name": "SUSE-aiic-test-router-volume-0",
            "pool": "default",
            "size": 2147483648,
            "source": null,
            "xml": []
          },
          "private": "bnVsbA==",
          "dependencies": [
            "libvirt_volume.img"
          ]
        }
      ]
    }
  ]
}
